[[package]]
name = "babel"
version = "2.12.1"
description = "Internationalization utilities"
category = "main"
optional = false
python-versions = ">=3.7"

[[package]]
name = "beautifulsoup4"
version = "4.11.2"
description = "Screen-scraping library"
category = "main"
optional = false
python-versions = ">=3.6.0"

[package.dependencies]
soupsieve = ">1.2"

[package.extras]
html5lib = ["html5lib"]
lxml = ["lxml"]

[[package]]
name = "certifi"
version = "2022.12.7"
description = "Python package for providing Mozilla's CA Bundle."
category = "main"
optional = false
python-versions = ">=3.6"

[[package]]
name = "charset-normalizer"
version = "3.0.1"
description = "The Real First Universal Charset Detector. Open, modern and actively maintained alternative to Chardet."
category = "main"
optional = false
python-versions = "*"

[[package]]
name = "click"
version = "8.1.3"
description = "Composable command line interface toolkit"
category = "main"
optional = false
python-versions = ">=3.7"

[package.dependencies]
colorama = {version = "*", markers = "platform_system == \"Windows\""}

[[package]]
name = "colorama"
version = "0.4.6"
description = "Cross-platform colored terminal text."
category = "main"
optional = false
python-versions = "!=3.0.*,!=3.1.*,!=3.2.*,!=3.3.*,!=3.4.*,!=3.5.*,!=3.6.*,>=2.7"

[[package]]
name = "editorconfig"
version = "0.12.3"
description = "EditorConfig File Locator and Interpreter for Python"
category = "main"
optional = false
python-versions = "*"

[[package]]
name = "fontawesome-markdown"
version = "0.2.6"
description = "Font Awesome support for Markdown"
category = "main"
optional = false
python-versions = "*"

[package.dependencies]
markdown = "*"

[[package]]
name = "ghp-import"
version = "2.1.0"
description = "Copy your docs directly to the gh-pages branch."
category = "main"
optional = false
python-versions = "*"

[package.dependencies]
python-dateutil = ">=2.8.1"

[package.extras]
dev = ["twine", "markdown", "flake8", "wheel"]

[[package]]
name = "gitdb"
version = "4.0.10"
description = "Git Object Database"
category = "main"
optional = false
python-versions = ">=3.7"

[package.dependencies]
smmap = ">=3.0.1,<6"

[[package]]
name = "gitpython"
version = "3.1.31"
description = "GitPython is a Python library used to interact with Git repositories"
category = "main"
optional = false
python-versions = ">=3.7"

[package.dependencies]
gitdb = ">=4.0.1,<5"

[[package]]
name = "idna"
version = "3.4"
description = "Internationalized Domain Names in Applications (IDNA)"
category = "main"
optional = false
python-versions = ">=3.5"

[[package]]
name = "jinja2"
version = "3.1.2"
description = "A very fast and expressive template engine."
category = "main"
optional = false
python-versions = ">=3.7"

[package.dependencies]
MarkupSafe = ">=2.0"

[package.extras]
i18n = ["Babel (>=2.7)"]

[[package]]
name = "jsbeautifier"
version = "1.14.7"
description = "JavaScript unobfuscator and beautifier."
category = "main"
optional = false
python-versions = "*"

[package.dependencies]
editorconfig = ">=0.12.2"
six = ">=1.13.0"

[[package]]
name = "markdown"
version = "3.3.7"
description = "Python implementation of Markdown."
category = "main"
optional = false
python-versions = ">=3.6"

[package.extras]
testing = ["coverage", "pyyaml"]

[[package]]
name = "markupsafe"
version = "2.1.2"
description = "Safely add untrusted strings to HTML/XML markup."
category = "main"
optional = false
python-versions = ">=3.7"

[[package]]
name = "mergedeep"
version = "1.3.4"
description = "A deep merge function for 🐍."
category = "main"
optional = false
python-versions = ">=3.6"

[[package]]
name = "mkdocs"
version = "1.4.2"
description = "Project documentation with Markdown."
category = "main"
optional = false
python-versions = ">=3.7"

[package.dependencies]
click = ">=7.0"
colorama = {version = ">=0.4", markers = "platform_system == \"Windows\""}
ghp-import = ">=1.0"
jinja2 = ">=2.11.1"
markdown = ">=3.2.1,<3.4"
mergedeep = ">=1.3.4"
packaging = ">=20.5"
pyyaml = ">=5.1"
pyyaml-env-tag = ">=0.1"
watchdog = ">=2.0"

[package.extras]
i18n = ["babel (>=2.9.0)"]
min-versions = ["babel (==2.9.0)", "click (==7.0)", "colorama (==0.4)", "ghp-import (==1.0)", "importlib-metadata (==4.3)", "jinja2 (==2.11.1)", "markdown (==3.2.1)", "markupsafe (==2.0.1)", "mergedeep (==1.3.4)", "packaging (==20.5)", "pyyaml-env-tag (==0.1)", "pyyaml (==5.1)", "typing-extensions (==3.10)", "watchdog (==2.0)"]

[[package]]
name = "mkdocs-git-revision-date-localized-plugin"
version = "1.2.0"
description = "Mkdocs plugin that enables displaying the localized date of the last git modification of a markdown file."
category = "main"
optional = false
python-versions = ">=3.6"

[package.dependencies]
babel = ">=2.7.0"
GitPython = "*"
mkdocs = ">=1.0"
pytz = "*"

[[package]]
name = "mkdocs-gitsnippet-plugin"
version = "1.2.0"
description = "Mkdocs plugin that allow to inject snippet or all markdown content from a given remote git repository."
category = "main"
optional = false
python-versions = ">=2.7.9,!=3.0.*,!=3.1.*,!=3.2.*,!=3.3.*"

[package.dependencies]
gitpython = "*"
mkdocs = ">=0.17"

[[package]]
name = "mkdocs-material"
version = "9.1.0"
description = "Documentation that simply works"
category = "main"
optional = false
python-versions = ">=3.7"

[package.dependencies]
colorama = ">=0.4"
jinja2 = ">=3.0"
markdown = ">=3.2"
mkdocs = ">=1.4.2"
mkdocs-material-extensions = ">=1.1"
pygments = ">=2.14"
pymdown-extensions = ">=9.9.1"
regex = ">=2022.4.24"
requests = ">=2.26"

[[package]]
name = "mkdocs-material-extensions"
version = "1.1.1"
description = "Extension pack for Python Markdown and MkDocs Material."
category = "main"
optional = false
python-versions = ">=3.7"

[[package]]
name = "mkdocs-mermaid2-plugin"
version = "0.6.0"
description = "A MkDocs plugin for including mermaid graphs in markdown sources"
category = "main"
optional = false
python-versions = ">=3.5"

[package.dependencies]
beautifulsoup4 = ">=4.6.3"
jsbeautifier = "*"
mkdocs = ">=1.0.4"
mkdocs-material = "*"
pymdown-extensions = ">=8.0"
pyyaml = "*"
requests = "*"

[[package]]
name = "packaging"
version = "23.0"
description = "Core utilities for Python packages"
category = "main"
optional = false
python-versions = ">=3.7"

[[package]]
name = "plantuml-markdown"
version = "3.8.1"
description = "A PlantUML plugin for Markdown"
category = "main"
optional = false
python-versions = "*"

[package.dependencies]
Markdown = "*"
requests = "*"
six = "*"

[[package]]
name = "pygments"
version = "2.14.0"
description = "Pygments is a syntax highlighting package written in Python."
category = "main"
optional = false
python-versions = ">=3.6"

[package.extras]
plugins = ["importlib-metadata"]

[[package]]
name = "pymdown-extensions"
version = "9.9.2"
description = "Extension pack for Python Markdown."
category = "main"
optional = false
python-versions = ">=3.7"

[package.dependencies]
markdown = ">=3.2"

[[package]]
name = "python-dateutil"
version = "2.8.2"
description = "Extensions to the standard Python datetime module"
category = "main"
optional = false
python-versions = "!=3.0.*,!=3.1.*,!=3.2.*,>=2.7"

[package.dependencies]
six = ">=1.5"

[[package]]
name = "python-markdown-math"
version = "0.8"
description = "Math extension for Python-Markdown"
category = "main"
optional = false
python-versions = ">=3.6"

[package.dependencies]
Markdown = ">=3.0"

[[package]]
name = "pytz"
version = "2022.7.1"
description = "World timezone definitions, modern and historical"
category = "main"
optional = false
python-versions = "*"

[[package]]
name = "pyyaml"
version = "6.0"
description = "YAML parser and emitter for Python"
category = "main"
optional = false
python-versions = ">=3.6"

[[package]]
name = "pyyaml-env-tag"
version = "0.1"
description = "A custom YAML tag for referencing environment variables in YAML files. "
category = "main"
optional = false
python-versions = ">=3.6"

[package.dependencies]
pyyaml = "*"

[[package]]
name = "regex"
version = "2022.10.31"
description = "Alternative regular expression module, to replace re."
category = "main"
optional = false
python-versions = ">=3.6"

[[package]]
name = "requests"
version = "2.28.2"
description = "Python HTTP for Humans."
category = "main"
optional = false
python-versions = ">=3.7, <4"

[package.dependencies]
certifi = ">=2017.4.17"
charset-normalizer = ">=2,<4"
idna = ">=2.5,<4"
urllib3 = ">=1.21.1,<1.27"

[package.extras]
socks = ["PySocks (>=1.5.6,!=1.5.7)"]
use_chardet_on_py3 = ["chardet (>=3.0.2,<6)"]

[[package]]
name = "six"
version = "1.16.0"
description = "Python 2 and 3 compatibility utilities"
category = "main"
optional = false
python-versions = ">=2.7, !=3.0.*, !=3.1.*, !=3.2.*"

[[package]]
name = "smmap"
version = "5.0.0"
description = "A pure Python implementation of a sliding window memory map manager"
category = "main"
optional = false
python-versions = ">=3.6"

[[package]]
name = "soupsieve"
version = "2.4"
description = "A modern CSS selector implementation for Beautiful Soup."
category = "main"
optional = false
python-versions = ">=3.7"

[[package]]
name = "urllib3"
version = "1.26.14"
description = "HTTP library with thread-safe connection pooling, file post, and more."
category = "main"
optional = false
python-versions = ">=2.7, !=3.0.*, !=3.1.*, !=3.2.*, !=3.3.*, !=3.4.*, !=3.5.*"

[package.extras]
brotli = ["brotlicffi (>=0.8.0)", "brotli (>=1.0.9)", "brotlipy (>=0.6.0)"]
secure = ["pyOpenSSL (>=0.14)", "cryptography (>=1.3.4)", "idna (>=2.0.0)", "certifi", "urllib3-secure-extra", "ipaddress"]
socks = ["PySocks (>=1.5.6,!=1.5.7,<2.0)"]

[[package]]
name = "watchdog"
version = "2.3.1"
description = "Filesystem events monitoring"
category = "main"
optional = false
python-versions = ">=3.6"

[package.extras]
watchmedo = ["PyYAML (>=3.10)"]

[metadata]
lock-version = "1.1"
python-versions = "^3.10"
content-hash = "ece379fd5f62f37e7314054401ba64eb828cb8f19902807322e3ac63f1f576af"

[metadata.files]
babel = []
beautifulsoup4 = []
certifi = []
charset-normalizer = []
click = []
colorama = []
editorconfig = []
fontawesome-markdown = []
ghp-import = []
gitdb = []
gitpython = []
idna = []
jinja2 = []
jsbeautifier = []
markdown = []
markupsafe = []
mergedeep = []
mkdocs = []
mkdocs-git-revision-date-localized-plugin = []
mkdocs-gitsnippet-plugin = []
mkdocs-material = []
mkdocs-material-extensions = []
mkdocs-mermaid2-plugin = []
packaging = []
plantuml-markdown = []
pygments = []
pymdown-extensions = []
python-dateutil = []
python-markdown-math = []
pytz = []
pyyaml = []
pyyaml-env-tag = []
regex = []
requests = []
six = []
smmap = []
soupsieve = []
urllib3 = []
watchdog = []
